{
  "name": "voting_app",
  "version": "1.0.0",
  "lockfileVersion": 1,
  "requires": true,
  "dependencies": {
    "ansi-regex": {
      "version": "0.2.1",
      "resolved": "https://registry.npmjs.org/ansi-regex/-/ansi-regex-0.2.1.tgz",
      "integrity": "sha1-DY6UaWej2BQ/k+JOKYUl/BsiNfk=",
      "dev": true
    },
    "ansi-styles": {
      "version": "1.1.0",
      "resolved": "https://registry.npmjs.org/ansi-styles/-/ansi-styles-1.1.0.tgz",
      "integrity": "sha1-6uy/Zs1waIJ2Cy9GkVgrj1XXp94=",
      "dev": true
    },
    "async": {
      "version": "0.9.0",
      "resolved": "https://registry.npmjs.org/async/-/async-0.9.0.tgz",
      "integrity": "sha1-rDYTsdqb7RtHUQu0ZRuJMeRxRsc="
    },
    "bluebird": {
      "version": "2.9.6",
      "resolved": "https://registry.npmjs.org/bluebird/-/bluebird-2.9.6.tgz",
      "integrity": "sha1-H8OmsWhSZ9wSG17ImzLOBp2Bq30=",
      "dev": true
    },
    "chalk": {
      "version": "0.5.1",
      "resolved": "https://registry.npmjs.org/chalk/-/chalk-0.5.1.tgz",
      "integrity": "sha1-Zjs6ZItotV0EaQ1JFnqoN4WPIXQ=",
      "dev": true,
      "requires": {
        "ansi-styles": "^1.1.0",
        "escape-string-regexp": "^1.0.0",
        "has-ansi": "^0.1.0",
        "strip-ansi": "^0.3.0",
        "supports-color": "^0.2.0"
      }
    },
    "colors": {
      "version": "1.0.3",
      "resolved": "https://registry.npmjs.org/colors/-/colors-1.0.3.tgz",
      "integrity": "sha1-BDP0TYCWgP3rYO0mDxsMJi6CpAs="
    },
    "commander": {
      "version": "2.6.0",
      "resolved": "https://registry.npmjs.org/commander/-/commander-2.6.0.tgz",
      "integrity": "sha1-nfflL7Kgyw+4kFjugMMQQiXzfh0=",
      "dev": true
    },
    "concurrently": {
      "version": "2.2.0",
      "resolved": "https://registry.npmjs.org/concurrently/-/concurrently-2.2.0.tgz",
      "integrity": "sha1-utJI4LsSn7FiF2iQOmMR1F1WiVo=",
      "dev": true,
      "requires": {
        "bluebird": "2.9.6",
        "chalk": "0.5.1",
        "commander": "2.6.0",
        "cross-spawn": "^0.2.9",
        "lodash": "^4.5.1",
        "moment": "^2.11.2",
        "rx": "2.3.24"
      }
    },
    "corser": {
      "version": "2.0.1",
      "resolved": "https://registry.npmjs.org/corser/-/corser-2.0.1.tgz",
      "integrity": "sha1-jtolLsqrWEDc2XXOuQ2TcMgZ/4c="
    },
    "cross-spawn": {
      "version": "0.2.9",
      "resolved": "https://registry.npmjs.org/cross-spawn/-/cross-spawn-0.2.9.tgz",
      "integrity": "sha1-vWf5bAfvtjA7f+lMHpefiEeOCjk=",
      "dev": true,
      "requires": {
        "lru-cache": "^2.5.0"
      }
    },
    "ecstatic": {
      "version": "0.7.6",
      "resolved": "https://registry.npmjs.org/ecstatic/-/ecstatic-0.7.6.tgz",
      "integrity": "sha1-y6KqvqRrjNl/AWCFlxO3DSjmoCI=",
      "requires": {
        "he": "^0.5.0",
        "mime": "^1.2.11",
        "minimist": "^1.1.0",
        "url-join": "0.0.1"
      }
    },
    "escape-string-regexp": {
      "version": "1.0.5",
      "resolved": "https://registry.npmjs.org/escape-string-regexp/-/escape-string-regexp-1.0.5.tgz",
      "integrity": "sha1-G2HAViGQqN/2rjuyzwIAyhMLhtQ=",
      "dev": true
    },
    "eventemitter3": {
      "version": "1.2.0",
      "resolved": "https://registry.npmjs.org/eventemitter3/-/eventemitter3-1.2.0.tgz",
      "integrity": "sha1-HIaZHYFq0eUEdQ5zh0Ik7PO+xQg="
    },
    "has-ansi": {
      "version": "0.1.0",
      "resolved": "https://registry.npmjs.org/has-ansi/-/has-ansi-0.1.0.tgz",
      "integrity": "sha1-hPJlqujA5qiKEtcCKJS3VoiUxi4=",
      "dev": true,
      "requires": {
        "ansi-regex": "^0.2.0"
      }
    },
    "he": {
      "version": "0.5.0",
      "resolved": "https://registry.npmjs.org/he/-/he-0.5.0.tgz",
      "integrity": "sha1-LAX/rvkLaOhg8/0rVO9YCYknfuI="
    },
    "http-proxy": {
      "version": "1.15.1",
      "resolved": "https://registry.npmjs.org/http-proxy/-/http-proxy-1.15.1.tgz",
      "integrity": "sha1-kaYIgXLnm8DoIdXrBM5wLzJEY5M=",
      "requires": {
        "eventemitter3": "1.x.x",
        "requires-port": "1.x.x"
      }
    },
    "http-server": {
      "version": "0.8.5",
      "resolved": "https://registry.npmjs.org/http-server/-/http-server-0.8.5.tgz",
      "integrity": "sha1-u/J8nwlJnlGh/h+Xmm85pFoE8vs=",
      "requires": {
        "colors": "1.0.3",
        "corser": "~2.0.0",
        "ecstatic": "~0.7.0",
        "http-proxy": "^1.8.1",
        "opener": "~1.4.0",
        "optimist": "0.6.x",
        "portfinder": "0.4.x",
        "union": "~0.4.3"
      }
    },
    "lodash": {
      "version": "4.16.3",
      "resolved": "https://registry.npmjs.org/lodash/-/lodash-4.16.3.tgz",
      "integrity": "sha1-C6dhQ5UpEnx6OMQ5EUyhU++pmaI=",
      "dev": true
    },
    "lru-cache": {
      "version": "2.7.3",
      "resolved": "https://registry.npmjs.org/lru-cache/-/lru-cache-2.7.3.tgz",
      "integrity": "sha1-bUUk6LlV+V1PW1iFHOId1y+06VI=",
      "dev": true
    },
    "mime": {
      "version": "1.3.4",
      "resolved": "https://registry.npmjs.org/mime/-/mime-1.3.4.tgz",
      "integrity": "sha1-EV+eO2s9rylZmDyzjxSaLUDrXVM="
    },
    "minimist": {
      "version": "1.2.0",
      "resolved": "https://registry.npmjs.org/minimist/-/minimist-1.2.0.tgz",
      "integrity": "sha1-o1AIsg9BOD7sH7kU9M1d95omQoQ="
    },
    "mkdirp": {
      "version": "0.5.1",
      "resolved": "https://registry.npmjs.org/mkdirp/-/mkdirp-0.5.1.tgz",
      "integrity": "sha1-MAV0OOrGz3+MR2fzhkjWaX11yQM=",
      "requires": {
        "minimist": "0.0.8"
      },
      "dependencies": {
        "minimist": {
          "version": "0.0.8",
          "resolved": "https://registry.npmjs.org/minimist/-/minimist-0.0.8.tgz",
          "integrity": "sha1-hX/Kv8M5fSYluCKCYuhqp6ARsF0="
        }
      }
    },
    "moment": {
      "version": "2.15.1",
      "resolved": "https://registry.npmjs.org/moment/-/moment-2.15.1.tgz",
      "integrity": "sha1-6XnCop4iiI5g85byIgphGPhc2Uw=",
      "dev": true
    },
    "opener": {
      "version": "1.4.2",
      "resolved": "https://registry.npmjs.org/opener/-/opener-1.4.2.tgz",
      "integrity": "sha1-syWCCABCr4aAw4mkmRdbTFT/9SM="
    },
    "optimist": {
      "version": "0.6.1",
      "resolved": "https://registry.npmjs.org/optimist/-/optimist-0.6.1.tgz",
      "integrity": "sha1-2j6nRob6IaGaERwybpDrFaAZZoY=",
      "requires": {
        "minimist": "~0.0.1",
        "wordwrap": "~0.0.2"
      },
      "dependencies": {
        "minimist": {
          "version": "0.0.10",
          "resolved": "https://registry.npmjs.org/minimist/-/minimist-0.0.10.tgz",
          "integrity": "sha1-3j+YVD2/lggr5IrRoMfNqDYwHc8="
        }
      }
    },
    "portfinder": {
      "version": "0.4.0",
      "resolved": "https://registry.npmjs.org/portfinder/-/portfinder-0.4.0.tgz",
      "integrity": "sha1-o/+t/6/k+5jgYBqF7aJ8J86Eyh4=",
      "requires": {
        "async": "0.9.0",
        "mkdirp": "0.5.x"
      }
    },
    "qs": {
      "version": "2.3.3",
      "resolved": "https://registry.npmjs.org/qs/-/qs-2.3.3.tgz",
      "integrity": "sha1-6eha2+ddoLvkyOBHaghikPhjtAQ="
    },
    "requires-port": {
      "version": "1.0.0",
      "resolved": "https://registry.npmjs.org/requires-port/-/requires-port-1.0.0.tgz",
      "integrity": "sha1-kl0mAdOaxIXgkc8NpcbmlNw9yv8="
    },
    "rx": {
      "version": "2.3.24",
      "resolved": "https://registry.npmjs.org/rx/-/rx-2.3.24.tgz",
      "integrity": "sha1-FPlQpCF9fjXapxu8vljv9o6ksrc=",
      "dev": true
    },
    "strip-ansi": {
      "version": "0.3.0",
      "resolved": "https://registry.npmjs.org/strip-ansi/-/strip-ansi-0.3.0.tgz",
      "integrity": "sha1-JfSOoiynkYfzF0pNuHWTR7sSYiA=",
      "dev": true,
      "requires": {
        "ansi-regex": "^0.2.1"
      }
    },
    "supports-color": {
      "version": "0.2.0",
      "resolved": "https://registry.npmjs.org/supports-color/-/supports-color-0.2.0.tgz",
      "integrity": "sha1-2S3iaU6z9nMjlz1649i1W0wiGQo=",
      "dev": true
    },
    "union": {
      "version": "0.4.4",
      "resolved": "https://registry.npmjs.org/union/-/union-0.4.4.tgz",
      "integrity": "sha1-1z9JMh1v+3IaTGn/WwpsMamP8+A=",
      "requires": {
        "qs": "~2.3.3"
      }
    },
    "url-join": {
      "version": "0.0.1",
      "resolved": "https://registry.npmjs.org/url-join/-/url-join-0.0.1.tgz",
      "integrity": "sha1-HbSK1CLTQCRpqH99l73r/k+x48g="
    },
    "wordwrap": {
      "version": "0.0.3",
      "resolved": "https://registry.npmjs.org/wordwrap/-/wordwrap-0.0.3.tgz",
      "integrity": "sha1-o9XabNXAvAAI03I0u68b7WMFkQc="
    }
  }
}
